<?xml version="1.0" encoding="utf-8"?>
<Project ToolsVersion="15.0" xmlns="http://schemas.microsoft.com/developer/msbuild/2003">
  <ItemGroup>
    <CustomBuild Include="..\..\CMakeFiles\971d8b14c0b5bc39cfe66ac467934327\vtkParallelCore-hierarchy.txt.rule" />
    <CustomBuild Include="..\..\CMakeFiles\8687050f24a53b618335ada2ffdfb648\vtkParallelCore-hierarchy.rule" />
  </ItemGroup>
  <ItemGroup>
    <None Include=".\CMakeFiles\vtkParallelCore-hierarchy" />
  </ItemGroup>
  <ItemGroup>
    <Filter Include="CMake Rules">
      <UniqueIdentifier>{108D40E1-183B-3302-BC74-083FC5205818}</UniqueIdentifier>
    </Filter>
  </ItemGroup>
</Project>