<?xml version="1.0" encoding="utf-8"?>
<Project ToolsVersion="15.0" xmlns="http://schemas.microsoft.com/developer/msbuild/2003">
  <ItemGroup>
    <ClCompile Include="..\..\..\Filters\Hybrid\vtkAdaptiveDataSetSurfaceFilter.cxx">
      <Filter>Source Files</Filter>
    </ClCompile>
    <ClCompile Include="..\..\..\Filters\Hybrid\vtkBSplineTransform.cxx">
      <Filter>Source Files</Filter>
    </ClCompile>
    <ClCompile Include="..\..\..\Filters\Hybrid\vtkDepthSortPolyData.cxx">
      <Filter>Source Files</Filter>
    </ClCompile>
    <ClCompile Include="..\..\..\Filters\Hybrid\vtkDSPFilterDefinition.cxx">
      <Filter>Source Files</Filter>
    </ClCompile>
    <ClCompile Include="..\..\..\Filters\Hybrid\vtkDSPFilterGroup.cxx">
      <Filter>Source Files</Filter>
    </ClCompile>
    <ClCompile Include="..\..\..\Filters\Hybrid\vtkEarthSource.cxx">
      <Filter>Source Files</Filter>
    </ClCompile>
    <ClCompile Include="..\..\..\Filters\Hybrid\vtkFacetReader.cxx">
      <Filter>Source Files</Filter>
    </ClCompile>
    <ClCompile Include="..\..\..\Filters\Hybrid\vtkForceTime.cxx">
      <Filter>Source Files</Filter>
    </ClCompile>
    <ClCompile Include="..\..\..\Filters\Hybrid\vtkGreedyTerrainDecimation.cxx">
      <Filter>Source Files</Filter>
    </ClCompile>
    <ClCompile Include="..\..\..\Filters\Hybrid\vtkGridTransform.cxx">
      <Filter>Source Files</Filter>
    </ClCompile>
    <ClCompile Include="..\..\..\Filters\Hybrid\vtkImageToPolyDataFilter.cxx">
      <Filter>Source Files</Filter>
    </ClCompile>
    <ClCompile Include="..\..\..\Filters\Hybrid\vtkImplicitModeller.cxx">
      <Filter>Source Files</Filter>
    </ClCompile>
    <ClCompile Include="..\..\..\Filters\Hybrid\vtkPCAAnalysisFilter.cxx">
      <Filter>Source Files</Filter>
    </ClCompile>
    <ClCompile Include="..\..\..\Filters\Hybrid\vtkPolyDataSilhouette.cxx">
      <Filter>Source Files</Filter>
    </ClCompile>
    <ClCompile Include="..\..\..\Filters\Hybrid\vtkProcrustesAlignmentFilter.cxx">
      <Filter>Source Files</Filter>
    </ClCompile>
    <ClCompile Include="..\..\..\Filters\Hybrid\vtkProjectedTerrainPath.cxx">
      <Filter>Source Files</Filter>
    </ClCompile>
    <ClCompile Include="..\..\..\Filters\Hybrid\vtkRenderLargeImage.cxx">
      <Filter>Source Files</Filter>
    </ClCompile>
    <ClCompile Include="..\..\..\Filters\Hybrid\vtkTemporalArrayOperatorFilter.cxx">
      <Filter>Source Files</Filter>
    </ClCompile>
    <ClCompile Include="..\..\..\Filters\Hybrid\vtkTemporalDataSetCache.cxx">
      <Filter>Source Files</Filter>
    </ClCompile>
    <ClCompile Include="..\..\..\Filters\Hybrid\vtkTemporalFractal.cxx">
      <Filter>Source Files</Filter>
    </ClCompile>
    <ClCompile Include="..\..\..\Filters\Hybrid\vtkTemporalInterpolator.cxx">
      <Filter>Source Files</Filter>
    </ClCompile>
    <ClCompile Include="..\..\..\Filters\Hybrid\vtkTemporalShiftScale.cxx">
      <Filter>Source Files</Filter>
    </ClCompile>
    <ClCompile Include="..\..\..\Filters\Hybrid\vtkTemporalSnapToTimeStep.cxx">
      <Filter>Source Files</Filter>
    </ClCompile>
    <ClCompile Include="..\..\..\Filters\Hybrid\vtkTransformToGrid.cxx">
      <Filter>Source Files</Filter>
    </ClCompile>
    <ClCompile Include="..\..\..\Filters\Hybrid\vtkWeightedTransformFilter.cxx">
      <Filter>Source Files</Filter>
    </ClCompile>
  </ItemGroup>
  <ItemGroup>
    <ClInclude Include="..\..\..\Filters\Hybrid\vtkAdaptiveDataSetSurfaceFilter.h">
      <Filter>Header Files</Filter>
    </ClInclude>
    <ClInclude Include="..\..\..\Filters\Hybrid\vtkBSplineTransform.h">
      <Filter>Header Files</Filter>
    </ClInclude>
    <ClInclude Include="..\..\..\Filters\Hybrid\vtkDepthSortPolyData.h">
      <Filter>Header Files</Filter>
    </ClInclude>
    <ClInclude Include="..\..\..\Filters\Hybrid\vtkDSPFilterDefinition.h">
      <Filter>Header Files</Filter>
    </ClInclude>
    <ClInclude Include="..\..\..\Filters\Hybrid\vtkDSPFilterGroup.h">
      <Filter>Header Files</Filter>
    </ClInclude>
    <ClInclude Include="..\..\..\Filters\Hybrid\vtkEarthSource.h">
      <Filter>Header Files</Filter>
    </ClInclude>
    <ClInclude Include="..\..\..\Filters\Hybrid\vtkFacetReader.h">
      <Filter>Header Files</Filter>
    </ClInclude>
    <ClInclude Include="..\..\..\Filters\Hybrid\vtkForceTime.h">
      <Filter>Header Files</Filter>
    </ClInclude>
    <ClInclude Include="..\..\..\Filters\Hybrid\vtkGreedyTerrainDecimation.h">
      <Filter>Header Files</Filter>
    </ClInclude>
    <ClInclude Include="..\..\..\Filters\Hybrid\vtkGridTransform.h">
      <Filter>Header Files</Filter>
    </ClInclude>
    <ClInclude Include="..\..\..\Filters\Hybrid\vtkImageToPolyDataFilter.h">
      <Filter>Header Files</Filter>
    </ClInclude>
    <ClInclude Include="..\..\..\Filters\Hybrid\vtkImplicitModeller.h">
      <Filter>Header Files</Filter>
    </ClInclude>
    <ClInclude Include="..\..\..\Filters\Hybrid\vtkPCAAnalysisFilter.h">
      <Filter>Header Files</Filter>
    </ClInclude>
    <ClInclude Include="..\..\..\Filters\Hybrid\vtkPolyDataSilhouette.h">
      <Filter>Header Files</Filter>
    </ClInclude>
    <ClInclude Include="..\..\..\Filters\Hybrid\vtkProcrustesAlignmentFilter.h">
      <Filter>Header Files</Filter>
    </ClInclude>
    <ClInclude Include="..\..\..\Filters\Hybrid\vtkProjectedTerrainPath.h">
      <Filter>Header Files</Filter>
    </ClInclude>
    <ClInclude Include="..\..\..\Filters\Hybrid\vtkRenderLargeImage.h">
      <Filter>Header Files</Filter>
    </ClInclude>
    <ClInclude Include="..\..\..\Filters\Hybrid\vtkTemporalArrayOperatorFilter.h">
      <Filter>Header Files</Filter>
    </ClInclude>
    <ClInclude Include="..\..\..\Filters\Hybrid\vtkTemporalDataSetCache.h">
      <Filter>Header Files</Filter>
    </ClInclude>
    <ClInclude Include="..\..\..\Filters\Hybrid\vtkTemporalFractal.h">
      <Filter>Header Files</Filter>
    </ClInclude>
    <ClInclude Include="..\..\..\Filters\Hybrid\vtkTemporalInterpolator.h">
      <Filter>Header Files</Filter>
    </ClInclude>
    <ClInclude Include="..\..\..\Filters\Hybrid\vtkTemporalShiftScale.h">
      <Filter>Header Files</Filter>
    </ClInclude>
    <ClInclude Include="..\..\..\Filters\Hybrid\vtkTemporalSnapToTimeStep.h">
      <Filter>Header Files</Filter>
    </ClInclude>
    <ClInclude Include="..\..\..\Filters\Hybrid\vtkTransformToGrid.h">
      <Filter>Header Files</Filter>
    </ClInclude>
    <ClInclude Include="..\..\..\Filters\Hybrid\vtkWeightedTransformFilter.h">
      <Filter>Header Files</Filter>
    </ClInclude>
    <ClInclude Include=".\vtkFiltersHybridModule.h">
      <Filter>Header Files</Filter>
    </ClInclude>
  </ItemGroup>
  <ItemGroup>
    <Filter Include="Header Files">
      <UniqueIdentifier>{247F16D2-B3BE-3083-A14F-ECB36CD31502}</UniqueIdentifier>
    </Filter>
    <Filter Include="Source Files">
      <UniqueIdentifier>{2F80BAA1-5E15-368D-8A2A-331A107085CC}</UniqueIdentifier>
    </Filter>
  </ItemGroup>
</Project>