<?xml version="1.0" encoding="utf-8"?>
<Project ToolsVersion="15.0" xmlns="http://schemas.microsoft.com/developer/msbuild/2003">
  <ItemGroup>
    <ClCompile Include="..\..\..\Filters\Extraction\vtkBlockSelector.cxx">
      <Filter>Source Files</Filter>
    </ClCompile>
    <ClCompile Include="..\..\..\Filters\Extraction\vtkConvertSelection.cxx">
      <Filter>Source Files</Filter>
    </ClCompile>
    <ClCompile Include="..\..\..\Filters\Extraction\vtkExpandMarkedElements.cxx">
      <Filter>Source Files</Filter>
    </ClCompile>
    <ClCompile Include="..\..\..\Filters\Extraction\vtkExtractBlock.cxx">
      <Filter>Source Files</Filter>
    </ClCompile>
    <ClCompile Include="..\..\..\Filters\Extraction\vtkExtractBlockUsingDataAssembly.cxx">
      <Filter>Source Files</Filter>
    </ClCompile>
    <ClCompile Include="..\..\..\Filters\Extraction\vtkExtractCells.cxx">
      <Filter>Source Files</Filter>
    </ClCompile>
    <ClCompile Include="..\..\..\Filters\Extraction\vtkExtractCellsByType.cxx">
      <Filter>Source Files</Filter>
    </ClCompile>
    <ClCompile Include="..\..\..\Filters\Extraction\vtkExtractDataArraysOverTime.cxx">
      <Filter>Source Files</Filter>
    </ClCompile>
    <ClCompile Include="..\..\..\Filters\Extraction\vtkExtractDataOverTime.cxx">
      <Filter>Source Files</Filter>
    </ClCompile>
    <ClCompile Include="..\..\..\Filters\Extraction\vtkExtractDataSets.cxx">
      <Filter>Source Files</Filter>
    </ClCompile>
    <ClCompile Include="..\..\..\Filters\Extraction\vtkExtractEdges.cxx">
      <Filter>Source Files</Filter>
    </ClCompile>
    <ClCompile Include="..\..\..\Filters\Extraction\vtkExtractExodusGlobalTemporalVariables.cxx">
      <Filter>Source Files</Filter>
    </ClCompile>
    <ClCompile Include="..\..\..\Filters\Extraction\vtkExtractGeometry.cxx">
      <Filter>Source Files</Filter>
    </ClCompile>
    <ClCompile Include="..\..\..\Filters\Extraction\vtkExtractGrid.cxx">
      <Filter>Source Files</Filter>
    </ClCompile>
    <ClCompile Include="..\..\..\Filters\Extraction\vtkExtractLevel.cxx">
      <Filter>Source Files</Filter>
    </ClCompile>
    <ClCompile Include="..\..\..\Filters\Extraction\vtkExtractPolyDataGeometry.cxx">
      <Filter>Source Files</Filter>
    </ClCompile>
    <ClCompile Include="..\..\..\Filters\Extraction\vtkExtractRectilinearGrid.cxx">
      <Filter>Source Files</Filter>
    </ClCompile>
    <ClCompile Include="..\..\..\Filters\Extraction\vtkExtractSelectedArraysOverTime.cxx">
      <Filter>Source Files</Filter>
    </ClCompile>
    <ClCompile Include="..\..\..\Filters\Extraction\vtkExtractSelectedBlock.cxx">
      <Filter>Source Files</Filter>
    </ClCompile>
    <ClCompile Include="..\..\..\Filters\Extraction\vtkExtractSelectedIds.cxx">
      <Filter>Source Files</Filter>
    </ClCompile>
    <ClCompile Include="..\..\..\Filters\Extraction\vtkExtractSelectedLocations.cxx">
      <Filter>Source Files</Filter>
    </ClCompile>
    <ClCompile Include="..\..\..\Filters\Extraction\vtkExtractSelectedPolyDataIds.cxx">
      <Filter>Source Files</Filter>
    </ClCompile>
    <ClCompile Include="..\..\..\Filters\Extraction\vtkExtractSelectedRows.cxx">
      <Filter>Source Files</Filter>
    </ClCompile>
    <ClCompile Include="..\..\..\Filters\Extraction\vtkExtractSelectedThresholds.cxx">
      <Filter>Source Files</Filter>
    </ClCompile>
    <ClCompile Include="..\..\..\Filters\Extraction\vtkExtractSelection.cxx">
      <Filter>Source Files</Filter>
    </ClCompile>
    <ClCompile Include="..\..\..\Filters\Extraction\vtkExtractTensorComponents.cxx">
      <Filter>Source Files</Filter>
    </ClCompile>
    <ClCompile Include="..\..\..\Filters\Extraction\vtkExtractTimeSteps.cxx">
      <Filter>Source Files</Filter>
    </ClCompile>
    <ClCompile Include="..\..\..\Filters\Extraction\vtkExtractUnstructuredGrid.cxx">
      <Filter>Source Files</Filter>
    </ClCompile>
    <ClCompile Include="..\..\..\Filters\Extraction\vtkExtractVectorComponents.cxx">
      <Filter>Source Files</Filter>
    </ClCompile>
    <ClCompile Include="..\..\..\Filters\Extraction\vtkFrustumSelector.cxx">
      <Filter>Source Files</Filter>
    </ClCompile>
    <ClCompile Include="..\..\..\Filters\Extraction\vtkHierarchicalDataExtractDataSets.cxx">
      <Filter>Source Files</Filter>
    </ClCompile>
    <ClCompile Include="..\..\..\Filters\Extraction\vtkHierarchicalDataExtractLevel.cxx">
      <Filter>Source Files</Filter>
    </ClCompile>
    <ClCompile Include="..\..\..\Filters\Extraction\vtkLocationSelector.cxx">
      <Filter>Source Files</Filter>
    </ClCompile>
    <ClCompile Include="..\..\..\Filters\Extraction\vtkProbeSelectedLocations.cxx">
      <Filter>Source Files</Filter>
    </ClCompile>
    <ClCompile Include="..\..\..\Filters\Extraction\vtkSelector.cxx">
      <Filter>Source Files</Filter>
    </ClCompile>
    <ClCompile Include="..\..\..\Filters\Extraction\vtkValueSelector.cxx">
      <Filter>Source Files</Filter>
    </ClCompile>
    <ClCompile Include="..\..\..\Filters\Extraction\vtkExtractTemporalFieldData.cxx">
      <Filter>Source Files</Filter>
    </ClCompile>
  </ItemGroup>
  <ItemGroup>
    <ClInclude Include="..\..\..\Filters\Extraction\vtkBlockSelector.h">
      <Filter>Header Files</Filter>
    </ClInclude>
    <ClInclude Include="..\..\..\Filters\Extraction\vtkConvertSelection.h">
      <Filter>Header Files</Filter>
    </ClInclude>
    <ClInclude Include="..\..\..\Filters\Extraction\vtkExpandMarkedElements.h">
      <Filter>Header Files</Filter>
    </ClInclude>
    <ClInclude Include="..\..\..\Filters\Extraction\vtkExtractBlock.h">
      <Filter>Header Files</Filter>
    </ClInclude>
    <ClInclude Include="..\..\..\Filters\Extraction\vtkExtractBlockUsingDataAssembly.h">
      <Filter>Header Files</Filter>
    </ClInclude>
    <ClInclude Include="..\..\..\Filters\Extraction\vtkExtractCells.h">
      <Filter>Header Files</Filter>
    </ClInclude>
    <ClInclude Include="..\..\..\Filters\Extraction\vtkExtractCellsByType.h">
      <Filter>Header Files</Filter>
    </ClInclude>
    <ClInclude Include="..\..\..\Filters\Extraction\vtkExtractDataArraysOverTime.h">
      <Filter>Header Files</Filter>
    </ClInclude>
    <ClInclude Include="..\..\..\Filters\Extraction\vtkExtractDataOverTime.h">
      <Filter>Header Files</Filter>
    </ClInclude>
    <ClInclude Include="..\..\..\Filters\Extraction\vtkExtractDataSets.h">
      <Filter>Header Files</Filter>
    </ClInclude>
    <ClInclude Include="..\..\..\Filters\Extraction\vtkExtractEdges.h">
      <Filter>Header Files</Filter>
    </ClInclude>
    <ClInclude Include="..\..\..\Filters\Extraction\vtkExtractExodusGlobalTemporalVariables.h">
      <Filter>Header Files</Filter>
    </ClInclude>
    <ClInclude Include="..\..\..\Filters\Extraction\vtkExtractGeometry.h">
      <Filter>Header Files</Filter>
    </ClInclude>
    <ClInclude Include="..\..\..\Filters\Extraction\vtkExtractGrid.h">
      <Filter>Header Files</Filter>
    </ClInclude>
    <ClInclude Include="..\..\..\Filters\Extraction\vtkExtractLevel.h">
      <Filter>Header Files</Filter>
    </ClInclude>
    <ClInclude Include="..\..\..\Filters\Extraction\vtkExtractPolyDataGeometry.h">
      <Filter>Header Files</Filter>
    </ClInclude>
    <ClInclude Include="..\..\..\Filters\Extraction\vtkExtractRectilinearGrid.h">
      <Filter>Header Files</Filter>
    </ClInclude>
    <ClInclude Include="..\..\..\Filters\Extraction\vtkExtractSelectedArraysOverTime.h">
      <Filter>Header Files</Filter>
    </ClInclude>
    <ClInclude Include="..\..\..\Filters\Extraction\vtkExtractSelectedBlock.h">
      <Filter>Header Files</Filter>
    </ClInclude>
    <ClInclude Include="..\..\..\Filters\Extraction\vtkExtractSelectedIds.h">
      <Filter>Header Files</Filter>
    </ClInclude>
    <ClInclude Include="..\..\..\Filters\Extraction\vtkExtractSelectedLocations.h">
      <Filter>Header Files</Filter>
    </ClInclude>
    <ClInclude Include="..\..\..\Filters\Extraction\vtkExtractSelectedPolyDataIds.h">
      <Filter>Header Files</Filter>
    </ClInclude>
    <ClInclude Include="..\..\..\Filters\Extraction\vtkExtractSelectedRows.h">
      <Filter>Header Files</Filter>
    </ClInclude>
    <ClInclude Include="..\..\..\Filters\Extraction\vtkExtractSelectedThresholds.h">
      <Filter>Header Files</Filter>
    </ClInclude>
    <ClInclude Include="..\..\..\Filters\Extraction\vtkExtractSelection.h">
      <Filter>Header Files</Filter>
    </ClInclude>
    <ClInclude Include="..\..\..\Filters\Extraction\vtkExtractTensorComponents.h">
      <Filter>Header Files</Filter>
    </ClInclude>
    <ClInclude Include="..\..\..\Filters\Extraction\vtkExtractTimeSteps.h">
      <Filter>Header Files</Filter>
    </ClInclude>
    <ClInclude Include="..\..\..\Filters\Extraction\vtkExtractUnstructuredGrid.h">
      <Filter>Header Files</Filter>
    </ClInclude>
    <ClInclude Include="..\..\..\Filters\Extraction\vtkExtractVectorComponents.h">
      <Filter>Header Files</Filter>
    </ClInclude>
    <ClInclude Include="..\..\..\Filters\Extraction\vtkFrustumSelector.h">
      <Filter>Header Files</Filter>
    </ClInclude>
    <ClInclude Include="..\..\..\Filters\Extraction\vtkHierarchicalDataExtractDataSets.h">
      <Filter>Header Files</Filter>
    </ClInclude>
    <ClInclude Include="..\..\..\Filters\Extraction\vtkHierarchicalDataExtractLevel.h">
      <Filter>Header Files</Filter>
    </ClInclude>
    <ClInclude Include="..\..\..\Filters\Extraction\vtkLocationSelector.h">
      <Filter>Header Files</Filter>
    </ClInclude>
    <ClInclude Include="..\..\..\Filters\Extraction\vtkProbeSelectedLocations.h">
      <Filter>Header Files</Filter>
    </ClInclude>
    <ClInclude Include="..\..\..\Filters\Extraction\vtkSelector.h">
      <Filter>Header Files</Filter>
    </ClInclude>
    <ClInclude Include="..\..\..\Filters\Extraction\vtkValueSelector.h">
      <Filter>Header Files</Filter>
    </ClInclude>
    <ClInclude Include="..\..\..\Filters\Extraction\vtkExtractTemporalFieldData.h">
      <Filter>Header Files</Filter>
    </ClInclude>
    <ClInclude Include=".\vtkFiltersExtractionModule.h">
      <Filter>Header Files</Filter>
    </ClInclude>
  </ItemGroup>
  <ItemGroup>
    <Filter Include="Header Files">
      <UniqueIdentifier>{247F16D2-B3BE-3083-A14F-ECB36CD31502}</UniqueIdentifier>
    </Filter>
    <Filter Include="Source Files">
      <UniqueIdentifier>{2F80BAA1-5E15-368D-8A2A-331A107085CC}</UniqueIdentifier>
    </Filter>
  </ItemGroup>
</Project>