<?xml version="1.0" encoding="utf-8"?>
<Project ToolsVersion="15.0" xmlns="http://schemas.microsoft.com/developer/msbuild/2003">
  <ItemGroup>
    <CustomBuild Include="..\..\CMakeFiles\971d8b14c0b5bc39cfe66ac467934327\vtkIOImport-hierarchy.txt.rule" />
    <CustomBuild Include="..\..\CMakeFiles\0bf790a4df4ccd07bd45d3d5448a2e86\vtkIOImport-hierarchy.rule" />
  </ItemGroup>
  <ItemGroup>
    <None Include=".\CMakeFiles\vtkIOImport-hierarchy" />
  </ItemGroup>
  <ItemGroup>
    <Filter Include="CMake Rules">
      <UniqueIdentifier>{108D40E1-183B-3302-BC74-083FC5205818}</UniqueIdentifier>
    </Filter>
  </ItemGroup>
</Project>