<?xml version="1.0" encoding="utf-8"?>
<Project ToolsVersion="15.0" xmlns="http://schemas.microsoft.com/developer/msbuild/2003">
  <ItemGroup>
    <ClCompile Include=".\raycasterfs.cxx">
      <Filter>Source Files</Filter>
    </ClCompile>
    <ClCompile Include=".\raycastervs.cxx">
      <Filter>Source Files</Filter>
    </ClCompile>
    <ClCompile Include=".\vtkglProjectedTetrahedraVS.cxx">
      <Filter>Source Files</Filter>
    </ClCompile>
    <ClCompile Include=".\vtkglProjectedTetrahedraFS.cxx">
      <Filter>Source Files</Filter>
    </ClCompile>
    <ClCompile Include=".\vtkRenderingVolumeOpenGL2ObjectFactory.cxx">
      <Filter>Source Files</Filter>
    </ClCompile>
    <ClCompile Include="..\..\..\Rendering\VolumeOpenGL2\vtkMultiBlockVolumeMapper.cxx">
      <Filter>Source Files</Filter>
    </ClCompile>
    <ClCompile Include="..\..\..\Rendering\VolumeOpenGL2\vtkOpenGLGPUVolumeRayCastMapper.cxx">
      <Filter>Source Files</Filter>
    </ClCompile>
    <ClCompile Include="..\..\..\Rendering\VolumeOpenGL2\vtkOpenGLProjectedTetrahedraMapper.cxx">
      <Filter>Source Files</Filter>
    </ClCompile>
    <ClCompile Include="..\..\..\Rendering\VolumeOpenGL2\vtkOpenGLRayCastImageDisplayHelper.cxx">
      <Filter>Source Files</Filter>
    </ClCompile>
    <ClCompile Include="..\..\..\Rendering\VolumeOpenGL2\vtkOpenGLVolumeGradientOpacityTable.cxx">
      <Filter>Source Files</Filter>
    </ClCompile>
    <ClCompile Include="..\..\..\Rendering\VolumeOpenGL2\vtkOpenGLVolumeLookupTable.cxx">
      <Filter>Source Files</Filter>
    </ClCompile>
    <ClCompile Include="..\..\..\Rendering\VolumeOpenGL2\vtkOpenGLVolumeMaskGradientOpacityTransferFunction2D.cxx">
      <Filter>Source Files</Filter>
    </ClCompile>
    <ClCompile Include="..\..\..\Rendering\VolumeOpenGL2\vtkOpenGLVolumeMaskTransferFunction2D.cxx">
      <Filter>Source Files</Filter>
    </ClCompile>
    <ClCompile Include="..\..\..\Rendering\VolumeOpenGL2\vtkOpenGLVolumeOpacityTable.cxx">
      <Filter>Source Files</Filter>
    </ClCompile>
    <ClCompile Include="..\..\..\Rendering\VolumeOpenGL2\vtkOpenGLVolumeRGBTable.cxx">
      <Filter>Source Files</Filter>
    </ClCompile>
    <ClCompile Include="..\..\..\Rendering\VolumeOpenGL2\vtkOpenGLVolumeTransferFunction2D.cxx">
      <Filter>Source Files</Filter>
    </ClCompile>
    <ClCompile Include="..\..\..\Rendering\VolumeOpenGL2\vtkSmartVolumeMapper.cxx">
      <Filter>Source Files</Filter>
    </ClCompile>
    <ClCompile Include="..\..\..\Rendering\VolumeOpenGL2\vtkVolumeInputHelper.cxx">
      <Filter>Source Files</Filter>
    </ClCompile>
    <ClCompile Include="..\..\..\Rendering\VolumeOpenGL2\vtkVolumeTexture.cxx">
      <Filter>Source Files</Filter>
    </ClCompile>
  </ItemGroup>
  <ItemGroup>
    <ClInclude Include="..\..\..\Rendering\VolumeOpenGL2\vtkOpenGLVolumeLookupTables.txx">
      <Filter>Header Files</Filter>
    </ClInclude>
    <ClInclude Include="..\..\..\Rendering\VolumeOpenGL2\vtkMultiBlockVolumeMapper.h">
      <Filter>Header Files</Filter>
    </ClInclude>
    <ClInclude Include="..\..\..\Rendering\VolumeOpenGL2\vtkOpenGLGPUVolumeRayCastMapper.h">
      <Filter>Header Files</Filter>
    </ClInclude>
    <ClInclude Include="..\..\..\Rendering\VolumeOpenGL2\vtkOpenGLProjectedTetrahedraMapper.h">
      <Filter>Header Files</Filter>
    </ClInclude>
    <ClInclude Include="..\..\..\Rendering\VolumeOpenGL2\vtkOpenGLRayCastImageDisplayHelper.h">
      <Filter>Header Files</Filter>
    </ClInclude>
    <ClInclude Include="..\..\..\Rendering\VolumeOpenGL2\vtkOpenGLVolumeGradientOpacityTable.h">
      <Filter>Header Files</Filter>
    </ClInclude>
    <ClInclude Include="..\..\..\Rendering\VolumeOpenGL2\vtkOpenGLVolumeLookupTable.h">
      <Filter>Header Files</Filter>
    </ClInclude>
    <ClInclude Include="..\..\..\Rendering\VolumeOpenGL2\vtkOpenGLVolumeMaskGradientOpacityTransferFunction2D.h">
      <Filter>Header Files</Filter>
    </ClInclude>
    <ClInclude Include="..\..\..\Rendering\VolumeOpenGL2\vtkOpenGLVolumeMaskTransferFunction2D.h">
      <Filter>Header Files</Filter>
    </ClInclude>
    <ClInclude Include="..\..\..\Rendering\VolumeOpenGL2\vtkOpenGLVolumeOpacityTable.h">
      <Filter>Header Files</Filter>
    </ClInclude>
    <ClInclude Include="..\..\..\Rendering\VolumeOpenGL2\vtkOpenGLVolumeRGBTable.h">
      <Filter>Header Files</Filter>
    </ClInclude>
    <ClInclude Include="..\..\..\Rendering\VolumeOpenGL2\vtkOpenGLVolumeTransferFunction2D.h">
      <Filter>Header Files</Filter>
    </ClInclude>
    <ClInclude Include="..\..\..\Rendering\VolumeOpenGL2\vtkSmartVolumeMapper.h">
      <Filter>Header Files</Filter>
    </ClInclude>
    <ClInclude Include="..\..\..\Rendering\VolumeOpenGL2\vtkVolumeInputHelper.h">
      <Filter>Header Files</Filter>
    </ClInclude>
    <ClInclude Include="..\..\..\Rendering\VolumeOpenGL2\vtkVolumeTexture.h">
      <Filter>Header Files</Filter>
    </ClInclude>
    <ClInclude Include="..\..\..\Rendering\VolumeOpenGL2\vtkOpenGLVolumeLookupTables.h">
      <Filter>Header Files</Filter>
    </ClInclude>
    <ClInclude Include=".\vtkRenderingVolumeOpenGL2Module.h">
      <Filter>Header Files</Filter>
    </ClInclude>
    <ClInclude Include=".\vtkRenderingVolumeOpenGL2ObjectFactory.h">
      <Filter>Header Files</Filter>
    </ClInclude>
  </ItemGroup>
  <ItemGroup>
    <CustomBuild Include="..\..\CMakeFiles\61a347630478acc19bd8984606582930\raycasterfs.h.rule" />
    <CustomBuild Include="..\..\CMakeFiles\61a347630478acc19bd8984606582930\raycastervs.h.rule" />
    <CustomBuild Include="..\..\CMakeFiles\61a347630478acc19bd8984606582930\vtkglProjectedTetrahedraVS.h.rule" />
    <CustomBuild Include="..\..\CMakeFiles\61a347630478acc19bd8984606582930\vtkglProjectedTetrahedraFS.h.rule" />
  </ItemGroup>
  <ItemGroup>
    <Filter Include="CMake Rules">
      <UniqueIdentifier>{108D40E1-183B-3302-BC74-083FC5205818}</UniqueIdentifier>
    </Filter>
    <Filter Include="Header Files">
      <UniqueIdentifier>{247F16D2-B3BE-3083-A14F-ECB36CD31502}</UniqueIdentifier>
    </Filter>
    <Filter Include="Source Files">
      <UniqueIdentifier>{2F80BAA1-5E15-368D-8A2A-331A107085CC}</UniqueIdentifier>
    </Filter>
  </ItemGroup>
</Project>