<?xml version="1.0" encoding="utf-8"?>
<Project ToolsVersion="15.0" xmlns="http://schemas.microsoft.com/developer/msbuild/2003">
  <ItemGroup>
    <CustomBuild Include="C:\Development\op3d_active\VTK-9.0.1\msvc\CMakeFiles\50633fc15ec1cc2f2e7040c825393845\INSTALL_force.rule">
      <Filter>CMake Rules</Filter>
    </CustomBuild>
  </ItemGroup>
  <ItemGroup>
    <Filter Include="CMake Rules">
      <UniqueIdentifier>{108D40E1-183B-3302-BC74-083FC5205818}</UniqueIdentifier>
    </Filter>
  </ItemGroup>
</Project>
