<?xml version="1.0" encoding="utf-8"?>
<Project ToolsVersion="15.0" xmlns="http://schemas.microsoft.com/developer/msbuild/2003">
  <ItemGroup>
    <ClCompile Include="..\..\..\Filters\HyperTree\vtkHyperTreeGridAxisClip.cxx">
      <Filter>Source Files</Filter>
    </ClCompile>
    <ClCompile Include="..\..\..\Filters\HyperTree\vtkHyperTreeGridAxisCut.cxx">
      <Filter>Source Files</Filter>
    </ClCompile>
    <ClCompile Include="..\..\..\Filters\HyperTree\vtkHyperTreeGridAxisReflection.cxx">
      <Filter>Source Files</Filter>
    </ClCompile>
    <ClCompile Include="..\..\..\Filters\HyperTree\vtkHyperTreeGridCellCenters.cxx">
      <Filter>Source Files</Filter>
    </ClCompile>
    <ClCompile Include="..\..\..\Filters\HyperTree\vtkHyperTreeGridContour.cxx">
      <Filter>Source Files</Filter>
    </ClCompile>
    <ClCompile Include="..\..\..\Filters\HyperTree\vtkHyperTreeGridDepthLimiter.cxx">
      <Filter>Source Files</Filter>
    </ClCompile>
    <ClCompile Include="..\..\..\Filters\HyperTree\vtkHyperTreeGridEvaluateCoarse.cxx">
      <Filter>Source Files</Filter>
    </ClCompile>
    <ClCompile Include="..\..\..\Filters\HyperTree\vtkHyperTreeGridGeometry.cxx">
      <Filter>Source Files</Filter>
    </ClCompile>
    <ClCompile Include="..\..\..\Filters\HyperTree\vtkHyperTreeGridPlaneCutter.cxx">
      <Filter>Source Files</Filter>
    </ClCompile>
    <ClCompile Include="..\..\..\Filters\HyperTree\vtkHyperTreeGridThreshold.cxx">
      <Filter>Source Files</Filter>
    </ClCompile>
    <ClCompile Include="..\..\..\Filters\HyperTree\vtkHyperTreeGridToDualGrid.cxx">
      <Filter>Source Files</Filter>
    </ClCompile>
    <ClCompile Include="..\..\..\Filters\HyperTree\vtkHyperTreeGridToUnstructuredGrid.cxx">
      <Filter>Source Files</Filter>
    </ClCompile>
    <ClCompile Include="..\..\..\Filters\HyperTree\vtkImageDataToHyperTreeGrid.cxx">
      <Filter>Source Files</Filter>
    </ClCompile>
  </ItemGroup>
  <ItemGroup>
    <ClInclude Include="..\..\..\Filters\HyperTree\vtkHyperTreeGridAxisClip.h">
      <Filter>Header Files</Filter>
    </ClInclude>
    <ClInclude Include="..\..\..\Filters\HyperTree\vtkHyperTreeGridAxisCut.h">
      <Filter>Header Files</Filter>
    </ClInclude>
    <ClInclude Include="..\..\..\Filters\HyperTree\vtkHyperTreeGridAxisReflection.h">
      <Filter>Header Files</Filter>
    </ClInclude>
    <ClInclude Include="..\..\..\Filters\HyperTree\vtkHyperTreeGridCellCenters.h">
      <Filter>Header Files</Filter>
    </ClInclude>
    <ClInclude Include="..\..\..\Filters\HyperTree\vtkHyperTreeGridContour.h">
      <Filter>Header Files</Filter>
    </ClInclude>
    <ClInclude Include="..\..\..\Filters\HyperTree\vtkHyperTreeGridDepthLimiter.h">
      <Filter>Header Files</Filter>
    </ClInclude>
    <ClInclude Include="..\..\..\Filters\HyperTree\vtkHyperTreeGridEvaluateCoarse.h">
      <Filter>Header Files</Filter>
    </ClInclude>
    <ClInclude Include="..\..\..\Filters\HyperTree\vtkHyperTreeGridGeometry.h">
      <Filter>Header Files</Filter>
    </ClInclude>
    <ClInclude Include="..\..\..\Filters\HyperTree\vtkHyperTreeGridPlaneCutter.h">
      <Filter>Header Files</Filter>
    </ClInclude>
    <ClInclude Include="..\..\..\Filters\HyperTree\vtkHyperTreeGridThreshold.h">
      <Filter>Header Files</Filter>
    </ClInclude>
    <ClInclude Include="..\..\..\Filters\HyperTree\vtkHyperTreeGridToDualGrid.h">
      <Filter>Header Files</Filter>
    </ClInclude>
    <ClInclude Include="..\..\..\Filters\HyperTree\vtkHyperTreeGridToUnstructuredGrid.h">
      <Filter>Header Files</Filter>
    </ClInclude>
    <ClInclude Include="..\..\..\Filters\HyperTree\vtkImageDataToHyperTreeGrid.h">
      <Filter>Header Files</Filter>
    </ClInclude>
    <ClInclude Include=".\vtkFiltersHyperTreeModule.h">
      <Filter>Header Files</Filter>
    </ClInclude>
  </ItemGroup>
  <ItemGroup>
    <Filter Include="Header Files">
      <UniqueIdentifier>{247F16D2-B3BE-3083-A14F-ECB36CD31502}</UniqueIdentifier>
    </Filter>
    <Filter Include="Source Files">
      <UniqueIdentifier>{2F80BAA1-5E15-368D-8A2A-331A107085CC}</UniqueIdentifier>
    </Filter>
  </ItemGroup>
</Project>