<?xml version="1.0" encoding="utf-8"?>
<Project ToolsVersion="15.0" xmlns="http://schemas.microsoft.com/developer/msbuild/2003">
  <ItemGroup>
    <ClCompile Include="..\..\..\..\Utilities\KWSys\vtksys\ProcessWin32.c">
      <Filter>Source Files</Filter>
    </ClCompile>
    <ClCompile Include="..\..\..\..\Utilities\KWSys\vtksys\Base64.c">
      <Filter>Source Files</Filter>
    </ClCompile>
    <ClCompile Include="..\..\..\..\Utilities\KWSys\vtksys\EncodingC.c">
      <Filter>Source Files</Filter>
    </ClCompile>
    <ClCompile Include="..\..\..\..\Utilities\KWSys\vtksys\MD5.c">
      <Filter>Source Files</Filter>
    </ClCompile>
    <ClCompile Include="..\..\..\..\Utilities\KWSys\vtksys\System.c">
      <Filter>Source Files</Filter>
    </ClCompile>
    <ClCompile Include="..\..\..\..\Utilities\KWSys\vtksys\Directory.cxx">
      <Filter>Source Files</Filter>
    </ClCompile>
    <ClCompile Include="..\..\..\..\Utilities\KWSys\vtksys\DynamicLoader.cxx">
      <Filter>Source Files</Filter>
    </ClCompile>
    <ClCompile Include="..\..\..\..\Utilities\KWSys\vtksys\EncodingCXX.cxx">
      <Filter>Source Files</Filter>
    </ClCompile>
    <ClCompile Include="..\..\..\..\Utilities\KWSys\vtksys\Glob.cxx">
      <Filter>Source Files</Filter>
    </ClCompile>
    <ClCompile Include="..\..\..\..\Utilities\KWSys\vtksys\RegularExpression.cxx">
      <Filter>Source Files</Filter>
    </ClCompile>
    <ClCompile Include="..\..\..\..\Utilities\KWSys\vtksys\SystemTools.cxx">
      <Filter>Source Files</Filter>
    </ClCompile>
    <ClCompile Include="..\..\..\..\Utilities\KWSys\vtksys\CommandLineArguments.cxx">
      <Filter>Source Files</Filter>
    </ClCompile>
    <ClCompile Include="..\..\..\..\Utilities\KWSys\vtksys\FStream.cxx">
      <Filter>Source Files</Filter>
    </ClCompile>
    <ClCompile Include="..\..\..\..\Utilities\KWSys\vtksys\SystemInformation.cxx">
      <Filter>Source Files</Filter>
    </ClCompile>
  </ItemGroup>
  <ItemGroup>
    <ClInclude Include=".\Configure.h">
      <Filter>Header Files</Filter>
    </ClInclude>
    <ClInclude Include=".\SharedForward.h">
      <Filter>Header Files</Filter>
    </ClInclude>
    <ClInclude Include=".\Process.h">
      <Filter>Header Files</Filter>
    </ClInclude>
    <ClInclude Include=".\Base64.h">
      <Filter>Header Files</Filter>
    </ClInclude>
    <ClInclude Include=".\Encoding.h">
      <Filter>Header Files</Filter>
    </ClInclude>
    <ClInclude Include=".\MD5.h">
      <Filter>Header Files</Filter>
    </ClInclude>
    <ClInclude Include=".\System.h">
      <Filter>Header Files</Filter>
    </ClInclude>
    <ClInclude Include=".\Directory.hxx">
      <Filter>Header Files</Filter>
    </ClInclude>
    <ClInclude Include=".\DynamicLoader.hxx">
      <Filter>Header Files</Filter>
    </ClInclude>
    <ClInclude Include=".\Encoding.hxx">
      <Filter>Header Files</Filter>
    </ClInclude>
    <ClInclude Include=".\Glob.hxx">
      <Filter>Header Files</Filter>
    </ClInclude>
    <ClInclude Include=".\RegularExpression.hxx">
      <Filter>Header Files</Filter>
    </ClInclude>
    <ClInclude Include=".\SystemTools.hxx">
      <Filter>Header Files</Filter>
    </ClInclude>
    <ClInclude Include=".\CommandLineArguments.hxx">
      <Filter>Header Files</Filter>
    </ClInclude>
    <ClInclude Include=".\FStream.hxx">
      <Filter>Header Files</Filter>
    </ClInclude>
    <ClInclude Include=".\SystemInformation.hxx">
      <Filter>Header Files</Filter>
    </ClInclude>
    <ClInclude Include=".\Configure.hxx">
      <Filter>Header Files</Filter>
    </ClInclude>
    <ClInclude Include=".\String.hxx">
      <Filter>Header Files</Filter>
    </ClInclude>
    <ClInclude Include=".\hashtable.hxx">
      <Filter>Header Files</Filter>
    </ClInclude>
    <ClInclude Include=".\hash_fun.hxx">
      <Filter>Header Files</Filter>
    </ClInclude>
    <ClInclude Include=".\hash_map.hxx">
      <Filter>Header Files</Filter>
    </ClInclude>
    <ClInclude Include=".\hash_set.hxx">
      <Filter>Header Files</Filter>
    </ClInclude>
  </ItemGroup>
  <ItemGroup>
    <Filter Include="Header Files">
      <UniqueIdentifier>{247F16D2-B3BE-3083-A14F-ECB36CD31502}</UniqueIdentifier>
    </Filter>
    <Filter Include="Source Files">
      <UniqueIdentifier>{2F80BAA1-5E15-368D-8A2A-331A107085CC}</UniqueIdentifier>
    </Filter>
  </ItemGroup>
</Project>