<?xml version="1.0" encoding="utf-8"?>
<Project ToolsVersion="15.0" xmlns="http://schemas.microsoft.com/developer/msbuild/2003">
  <ItemGroup>
    <CustomBuild Include="..\..\CMakeFiles\971d8b14c0b5bc39cfe66ac467934327\vtkGeovisCore-hierarchy.txt.rule" />
    <CustomBuild Include="..\..\CMakeFiles\428c091014a1b593ee819d4162f88f60\vtkGeovisCore-hierarchy.rule" />
  </ItemGroup>
  <ItemGroup>
    <None Include=".\CMakeFiles\vtkGeovisCore-hierarchy" />
  </ItemGroup>
  <ItemGroup>
    <Filter Include="CMake Rules">
      <UniqueIdentifier>{108D40E1-183B-3302-BC74-083FC5205818}</UniqueIdentifier>
    </Filter>
  </ItemGroup>
</Project>