<?xml version="1.0" encoding="utf-8"?>
<Project ToolsVersion="15.0" xmlns="http://schemas.microsoft.com/developer/msbuild/2003">
  <ItemGroup>
    <ClCompile Include="..\..\..\IO\Parallel\vtkMultiBlockPLOT3DReaderInternals.cxx">
      <Filter>Source Files</Filter>
    </ClCompile>
    <ClCompile Include="..\..\..\IO\Parallel\vtkEnSightWriter.cxx">
      <Filter>Source Files</Filter>
    </ClCompile>
    <ClCompile Include="..\..\..\IO\Parallel\vtkMultiBlockPLOT3DReader.cxx">
      <Filter>Source Files</Filter>
    </ClCompile>
    <ClCompile Include="..\..\..\IO\Parallel\vtkPlot3DMetaReader.cxx">
      <Filter>Source Files</Filter>
    </ClCompile>
    <ClCompile Include="..\..\..\IO\Parallel\vtkPChacoReader.cxx">
      <Filter>Source Files</Filter>
    </ClCompile>
    <ClCompile Include="..\..\..\IO\Parallel\vtkPDataSetReader.cxx">
      <Filter>Source Files</Filter>
    </ClCompile>
    <ClCompile Include="..\..\..\IO\Parallel\vtkPDataSetWriter.cxx">
      <Filter>Source Files</Filter>
    </ClCompile>
    <ClCompile Include="..\..\..\IO\Parallel\vtkPImageWriter.cxx">
      <Filter>Source Files</Filter>
    </ClCompile>
    <ClCompile Include="..\..\..\IO\Parallel\vtkPOpenFOAMReader.cxx">
      <Filter>Source Files</Filter>
    </ClCompile>
  </ItemGroup>
  <ItemGroup>
    <ClInclude Include="..\..\..\IO\Parallel\vtkEnSightWriter.h">
      <Filter>Header Files</Filter>
    </ClInclude>
    <ClInclude Include="..\..\..\IO\Parallel\vtkMultiBlockPLOT3DReader.h">
      <Filter>Header Files</Filter>
    </ClInclude>
    <ClInclude Include="..\..\..\IO\Parallel\vtkPlot3DMetaReader.h">
      <Filter>Header Files</Filter>
    </ClInclude>
    <ClInclude Include="..\..\..\IO\Parallel\vtkPChacoReader.h">
      <Filter>Header Files</Filter>
    </ClInclude>
    <ClInclude Include="..\..\..\IO\Parallel\vtkPDataSetReader.h">
      <Filter>Header Files</Filter>
    </ClInclude>
    <ClInclude Include="..\..\..\IO\Parallel\vtkPDataSetWriter.h">
      <Filter>Header Files</Filter>
    </ClInclude>
    <ClInclude Include="..\..\..\IO\Parallel\vtkPImageWriter.h">
      <Filter>Header Files</Filter>
    </ClInclude>
    <ClInclude Include="..\..\..\IO\Parallel\vtkPOpenFOAMReader.h">
      <Filter>Header Files</Filter>
    </ClInclude>
    <ClInclude Include=".\vtkIOParallelModule.h">
      <Filter>Header Files</Filter>
    </ClInclude>
    <ClInclude Include="..\..\..\IO\Parallel\vtkMultiBlockPLOT3DReaderInternals.h">
      <Filter>Header Files</Filter>
    </ClInclude>
  </ItemGroup>
  <ItemGroup>
    <Filter Include="Header Files">
      <UniqueIdentifier>{247F16D2-B3BE-3083-A14F-ECB36CD31502}</UniqueIdentifier>
    </Filter>
    <Filter Include="Source Files">
      <UniqueIdentifier>{2F80BAA1-5E15-368D-8A2A-331A107085CC}</UniqueIdentifier>
    </Filter>
  </ItemGroup>
</Project>