<?xml version="1.0" encoding="utf-8"?>
<Project ToolsVersion="15.0" xmlns="http://schemas.microsoft.com/developer/msbuild/2003">
  <ItemGroup>
    <ClCompile Include="..\..\..\Filters\FlowPaths\vtkAbstractInterpolatedVelocityField.cxx">
      <Filter>Source Files</Filter>
    </ClCompile>
    <ClCompile Include="..\..\..\Filters\FlowPaths\vtkAMRInterpolatedVelocityField.cxx">
      <Filter>Source Files</Filter>
    </ClCompile>
    <ClCompile Include="..\..\..\Filters\FlowPaths\vtkCachingInterpolatedVelocityField.cxx">
      <Filter>Source Files</Filter>
    </ClCompile>
    <ClCompile Include="..\..\..\Filters\FlowPaths\vtkCellLocatorInterpolatedVelocityField.cxx">
      <Filter>Source Files</Filter>
    </ClCompile>
    <ClCompile Include="..\..\..\Filters\FlowPaths\vtkCompositeInterpolatedVelocityField.cxx">
      <Filter>Source Files</Filter>
    </ClCompile>
    <ClCompile Include="..\..\..\Filters\FlowPaths\vtkEvenlySpacedStreamlines2D.cxx">
      <Filter>Source Files</Filter>
    </ClCompile>
    <ClCompile Include="..\..\..\Filters\FlowPaths\vtkInterpolatedVelocityField.cxx">
      <Filter>Source Files</Filter>
    </ClCompile>
    <ClCompile Include="..\..\..\Filters\FlowPaths\vtkLagrangianBasicIntegrationModel.cxx">
      <Filter>Source Files</Filter>
    </ClCompile>
    <ClCompile Include="..\..\..\Filters\FlowPaths\vtkLagrangianMatidaIntegrationModel.cxx">
      <Filter>Source Files</Filter>
    </ClCompile>
    <ClCompile Include="..\..\..\Filters\FlowPaths\vtkLagrangianParticle.cxx">
      <Filter>Source Files</Filter>
    </ClCompile>
    <ClCompile Include="..\..\..\Filters\FlowPaths\vtkLagrangianParticleTracker.cxx">
      <Filter>Source Files</Filter>
    </ClCompile>
    <ClCompile Include="..\..\..\Filters\FlowPaths\vtkModifiedBSPTree.cxx">
      <Filter>Source Files</Filter>
    </ClCompile>
    <ClCompile Include="..\..\..\Filters\FlowPaths\vtkParallelVectors.cxx">
      <Filter>Source Files</Filter>
    </ClCompile>
    <ClCompile Include="..\..\..\Filters\FlowPaths\vtkParticlePathFilter.cxx">
      <Filter>Source Files</Filter>
    </ClCompile>
    <ClCompile Include="..\..\..\Filters\FlowPaths\vtkParticleTracer.cxx">
      <Filter>Source Files</Filter>
    </ClCompile>
    <ClCompile Include="..\..\..\Filters\FlowPaths\vtkParticleTracerBase.cxx">
      <Filter>Source Files</Filter>
    </ClCompile>
    <ClCompile Include="..\..\..\Filters\FlowPaths\vtkStreaklineFilter.cxx">
      <Filter>Source Files</Filter>
    </ClCompile>
    <ClCompile Include="..\..\..\Filters\FlowPaths\vtkStreamTracer.cxx">
      <Filter>Source Files</Filter>
    </ClCompile>
    <ClCompile Include="..\..\..\Filters\FlowPaths\vtkTemporalInterpolatedVelocityField.cxx">
      <Filter>Source Files</Filter>
    </ClCompile>
    <ClCompile Include="..\..\..\Filters\FlowPaths\vtkVortexCore.cxx">
      <Filter>Source Files</Filter>
    </ClCompile>
    <ClCompile Include="..\..\..\Filters\FlowPaths\vtkTemporalStreamTracer.cxx">
      <Filter>Source Files</Filter>
    </ClCompile>
  </ItemGroup>
  <ItemGroup>
    <ClInclude Include="..\..\..\Filters\FlowPaths\vtkAbstractInterpolatedVelocityField.h">
      <Filter>Header Files</Filter>
    </ClInclude>
    <ClInclude Include="..\..\..\Filters\FlowPaths\vtkAMRInterpolatedVelocityField.h">
      <Filter>Header Files</Filter>
    </ClInclude>
    <ClInclude Include="..\..\..\Filters\FlowPaths\vtkCachingInterpolatedVelocityField.h">
      <Filter>Header Files</Filter>
    </ClInclude>
    <ClInclude Include="..\..\..\Filters\FlowPaths\vtkCellLocatorInterpolatedVelocityField.h">
      <Filter>Header Files</Filter>
    </ClInclude>
    <ClInclude Include="..\..\..\Filters\FlowPaths\vtkCompositeInterpolatedVelocityField.h">
      <Filter>Header Files</Filter>
    </ClInclude>
    <ClInclude Include="..\..\..\Filters\FlowPaths\vtkEvenlySpacedStreamlines2D.h">
      <Filter>Header Files</Filter>
    </ClInclude>
    <ClInclude Include="..\..\..\Filters\FlowPaths\vtkInterpolatedVelocityField.h">
      <Filter>Header Files</Filter>
    </ClInclude>
    <ClInclude Include="..\..\..\Filters\FlowPaths\vtkLagrangianBasicIntegrationModel.h">
      <Filter>Header Files</Filter>
    </ClInclude>
    <ClInclude Include="..\..\..\Filters\FlowPaths\vtkLagrangianMatidaIntegrationModel.h">
      <Filter>Header Files</Filter>
    </ClInclude>
    <ClInclude Include="..\..\..\Filters\FlowPaths\vtkLagrangianParticle.h">
      <Filter>Header Files</Filter>
    </ClInclude>
    <ClInclude Include="..\..\..\Filters\FlowPaths\vtkLagrangianParticleTracker.h">
      <Filter>Header Files</Filter>
    </ClInclude>
    <ClInclude Include="..\..\..\Filters\FlowPaths\vtkModifiedBSPTree.h">
      <Filter>Header Files</Filter>
    </ClInclude>
    <ClInclude Include="..\..\..\Filters\FlowPaths\vtkParallelVectors.h">
      <Filter>Header Files</Filter>
    </ClInclude>
    <ClInclude Include="..\..\..\Filters\FlowPaths\vtkParticlePathFilter.h">
      <Filter>Header Files</Filter>
    </ClInclude>
    <ClInclude Include="..\..\..\Filters\FlowPaths\vtkParticleTracer.h">
      <Filter>Header Files</Filter>
    </ClInclude>
    <ClInclude Include="..\..\..\Filters\FlowPaths\vtkParticleTracerBase.h">
      <Filter>Header Files</Filter>
    </ClInclude>
    <ClInclude Include="..\..\..\Filters\FlowPaths\vtkStreaklineFilter.h">
      <Filter>Header Files</Filter>
    </ClInclude>
    <ClInclude Include="..\..\..\Filters\FlowPaths\vtkStreamTracer.h">
      <Filter>Header Files</Filter>
    </ClInclude>
    <ClInclude Include="..\..\..\Filters\FlowPaths\vtkTemporalInterpolatedVelocityField.h">
      <Filter>Header Files</Filter>
    </ClInclude>
    <ClInclude Include="..\..\..\Filters\FlowPaths\vtkVortexCore.h">
      <Filter>Header Files</Filter>
    </ClInclude>
    <ClInclude Include="..\..\..\Filters\FlowPaths\vtkTemporalStreamTracer.h">
      <Filter>Header Files</Filter>
    </ClInclude>
    <ClInclude Include=".\vtkFiltersFlowPathsModule.h">
      <Filter>Header Files</Filter>
    </ClInclude>
  </ItemGroup>
  <ItemGroup>
    <Filter Include="Header Files">
      <UniqueIdentifier>{247F16D2-B3BE-3083-A14F-ECB36CD31502}</UniqueIdentifier>
    </Filter>
    <Filter Include="Source Files">
      <UniqueIdentifier>{2F80BAA1-5E15-368D-8A2A-331A107085CC}</UniqueIdentifier>
    </Filter>
  </ItemGroup>
</Project>