<?xml version="1.0" encoding="utf-8"?>
<Project ToolsVersion="15.0" xmlns="http://schemas.microsoft.com/developer/msbuild/2003">
  <ItemGroup>
    <ClCompile Include="..\..\..\IO\SQL\vtkDatabaseToTableReader.cxx">
      <Filter>Source Files</Filter>
    </ClCompile>
    <ClCompile Include="..\..\..\IO\SQL\vtkRowQuery.cxx">
      <Filter>Source Files</Filter>
    </ClCompile>
    <ClCompile Include="..\..\..\IO\SQL\vtkRowQueryToTable.cxx">
      <Filter>Source Files</Filter>
    </ClCompile>
    <ClCompile Include="..\..\..\IO\SQL\vtkSQLDatabase.cxx">
      <Filter>Source Files</Filter>
    </ClCompile>
    <ClCompile Include="..\..\..\IO\SQL\vtkSQLDatabaseSchema.cxx">
      <Filter>Source Files</Filter>
    </ClCompile>
    <ClCompile Include="..\..\..\IO\SQL\vtkSQLDatabaseTableSource.cxx">
      <Filter>Source Files</Filter>
    </ClCompile>
    <ClCompile Include="..\..\..\IO\SQL\vtkSQLiteDatabase.cxx">
      <Filter>Source Files</Filter>
    </ClCompile>
    <ClCompile Include="..\..\..\IO\SQL\vtkSQLiteQuery.cxx">
      <Filter>Source Files</Filter>
    </ClCompile>
    <ClCompile Include="..\..\..\IO\SQL\vtkSQLiteToTableReader.cxx">
      <Filter>Source Files</Filter>
    </ClCompile>
    <ClCompile Include="..\..\..\IO\SQL\vtkSQLQuery.cxx">
      <Filter>Source Files</Filter>
    </ClCompile>
    <ClCompile Include="..\..\..\IO\SQL\vtkTableToDatabaseWriter.cxx">
      <Filter>Source Files</Filter>
    </ClCompile>
    <ClCompile Include="..\..\..\IO\SQL\vtkTableToSQLiteWriter.cxx">
      <Filter>Source Files</Filter>
    </ClCompile>
  </ItemGroup>
  <ItemGroup>
    <ClInclude Include="..\..\..\IO\SQL\vtkDatabaseToTableReader.h">
      <Filter>Header Files</Filter>
    </ClInclude>
    <ClInclude Include="..\..\..\IO\SQL\vtkRowQuery.h">
      <Filter>Header Files</Filter>
    </ClInclude>
    <ClInclude Include="..\..\..\IO\SQL\vtkRowQueryToTable.h">
      <Filter>Header Files</Filter>
    </ClInclude>
    <ClInclude Include="..\..\..\IO\SQL\vtkSQLDatabase.h">
      <Filter>Header Files</Filter>
    </ClInclude>
    <ClInclude Include="..\..\..\IO\SQL\vtkSQLDatabaseSchema.h">
      <Filter>Header Files</Filter>
    </ClInclude>
    <ClInclude Include="..\..\..\IO\SQL\vtkSQLDatabaseTableSource.h">
      <Filter>Header Files</Filter>
    </ClInclude>
    <ClInclude Include="..\..\..\IO\SQL\vtkSQLiteDatabase.h">
      <Filter>Header Files</Filter>
    </ClInclude>
    <ClInclude Include="..\..\..\IO\SQL\vtkSQLiteQuery.h">
      <Filter>Header Files</Filter>
    </ClInclude>
    <ClInclude Include="..\..\..\IO\SQL\vtkSQLiteToTableReader.h">
      <Filter>Header Files</Filter>
    </ClInclude>
    <ClInclude Include="..\..\..\IO\SQL\vtkSQLQuery.h">
      <Filter>Header Files</Filter>
    </ClInclude>
    <ClInclude Include="..\..\..\IO\SQL\vtkTableToDatabaseWriter.h">
      <Filter>Header Files</Filter>
    </ClInclude>
    <ClInclude Include="..\..\..\IO\SQL\vtkTableToSQLiteWriter.h">
      <Filter>Header Files</Filter>
    </ClInclude>
    <ClInclude Include=".\vtkIOSQLModule.h">
      <Filter>Header Files</Filter>
    </ClInclude>
    <ClInclude Include="..\..\..\IO\SQL\vtkSQLiteDatabaseInternals.h">
      <Filter>Header Files</Filter>
    </ClInclude>
  </ItemGroup>
  <ItemGroup>
    <Filter Include="Header Files">
      <UniqueIdentifier>{247F16D2-B3BE-3083-A14F-ECB36CD31502}</UniqueIdentifier>
    </Filter>
    <Filter Include="Source Files">
      <UniqueIdentifier>{2F80BAA1-5E15-368D-8A2A-331A107085CC}</UniqueIdentifier>
    </Filter>
  </ItemGroup>
</Project>